
Microsoft Visual Studio Solution File, Format Version 12.00
# Visual Studio Version 17
VisualStudioVersion = 17.6.33829.357
MinimumVisualStudioVersion = 10.0.40219.1
Project("{FAE04EC0-301F-11D3-BF4B-00C04F79EFBC}") = "CapaDePresentacion", "CapaDePresentacion\CapaDePresentacion.csproj", "{CED4D12E-455F-457B-91CC-E4E2116CDDF6}"
EndProject
Global
	GlobalSection(SolutionConfigurationPlatforms) = preSolution
		Debug|Any CPU = Debug|Any CPU
		Release|Any CPU = Release|Any CPU
	EndGlobalSection
	GlobalSection(ProjectConfigurationPlatforms) = postSolution
		{CED4D12E-455F-457B-91CC-E4E2116CDDF6}.Debug|Any CPU.ActiveCfg = Debug|Any CPU
		{CED4D12E-455F-457B-91CC-E4E2116CDDF6}.Debug|Any CPU.Build.0 = Debug|Any CPU
		{CED4D12E-455F-457B-91CC-E4E2116CDDF6}.Release|Any CPU.ActiveCfg = Release|Any CPU
		{CED4D12E-455F-457B-91CC-E4E2116CDDF6}.Release|Any CPU.Build.0 = Release|Any CPU
	EndGlobalSection
	GlobalSection(SolutionProperties) = preSolution
		HideSolutionNode = FALSE
	EndGlobalSection
	GlobalSection(ExtensibilityGlobals) = postSolution
		SolutionGuid = {6F72C94D-772E-48B4-9C55-9E6E53DA0859}
	EndGlobalSection
EndGlobal
